// !$*UTF8*$!
{
	archiveVersion = 1;
	classes = {
	};
	objectVersion = 46;
	objects = {

/* Begin PBXBuildFile section */
		41CECF451DD6C182E88089EB /* Pods_FoodPin.framework in Frameworks */ = {isa = PBXBuildFile; fileRef = 2790A332478A9EF752D5040B /* Pods_FoodPin.framework */; };
		4246021D1D7EFA7B00BAB2AD /* MapKit.framework in Frameworks */ = {isa = PBXBuildFile; fileRef = 4246021C1D7EFA7B00BAB2AD /* MapKit.framework */; };
		4246021F1D7F0D6C00BAB2AD /* MapViewController.swift in Sources */ = {isa = PBXBuildFile; fileRef = 4246021E1D7F0D6C00BAB2AD /* MapViewController.swift */; };
		424741961D79702F006E30C3 /* RestaurantDetailViewController.swift in Sources */ = {isa = PBXBuildFile; fileRef = 424741951D79702F006E30C3 /* RestaurantDetailViewController.swift */; };
		424774751D7DA0240079C166 /* RestaurantEvaluateViewController.swift in Sources */ = {isa = PBXBuildFile; fileRef = 424774741D7DA0240079C166 /* RestaurantEvaluateViewController.swift */; };
		424924061D82A14000DBA5A1 /* GuiderPageViewController.swift in Sources */ = {isa = PBXBuildFile; fileRef = 424924051D82A14000DBA5A1 /* GuiderPageViewController.swift */; };
		427519BD1D8643470031F54C /* AboutTableViewController.swift in Sources */ = {isa = PBXBuildFile; fileRef = 427519BC1D8643470031F54C /* AboutTableViewController.swift */; };
		427519BF1D8686360031F54C /* WebViewController.swift in Sources */ = {isa = PBXBuildFile; fileRef = 427519BE1D8686360031F54C /* WebViewController.swift */; };
		427B94C41D829EA60020881F /* GuiderContentViewController.swift in Sources */ = {isa = PBXBuildFile; fileRef = 427B94C31D829EA60020881F /* GuiderContentViewController.swift */; };
		42D8E5DB1D81007700E52DB2 /* AddRestaurantTableViewController.swift in Sources */ = {isa = PBXBuildFile; fileRef = 42D8E5DA1D81007700E52DB2 /* AddRestaurantTableViewController.swift */; };
		42D8E61B1D81391D00E52DB2 /* FoodPin.xcdatamodeld in Sources */ = {isa = PBXBuildFile; fileRef = 42D8E6191D81391D00E52DB2 /* FoodPin.xcdatamodeld */; };
		42D8E61E1D813BAD00E52DB2 /* Restaurant+CoreDataProperties.swift in Sources */ = {isa = PBXBuildFile; fileRef = 42D8E61C1D813BAD00E52DB2 /* Restaurant+CoreDataProperties.swift */; };
		42D8E61F1D813BAD00E52DB2 /* Restaurant.swift in Sources */ = {isa = PBXBuildFile; fileRef = 42D8E61D1D813BAD00E52DB2 /* Restaurant.swift */; };
		42EC91231D78109800D72960 /* AppDelegate.swift in Sources */ = {isa = PBXBuildFile; fileRef = 42EC91221D78109800D72960 /* AppDelegate.swift */; };
		42EC91281D78109800D72960 /* Main.storyboard in Resources */ = {isa = PBXBuildFile; fileRef = 42EC91261D78109800D72960 /* Main.storyboard */; };
		42EC912A1D78109800D72960 /* Assets.xcassets in Resources */ = {isa = PBXBuildFile; fileRef = 42EC91291D78109800D72960 /* Assets.xcassets */; };
		42EC912D1D78109800D72960 /* LaunchScreen.storyboard in Resources */ = {isa = PBXBuildFile; fileRef = 42EC912B1D78109800D72960 /* LaunchScreen.storyboard */; };
		42EC91351D78125300D72960 /* RestaurantTableViewController.swift in Sources */ = {isa = PBXBuildFile; fileRef = 42EC91341D78125300D72960 /* RestaurantTableViewController.swift */; };
		42EC91371D7823BD00D72960 /* RestaurantTableViewCell.swift in Sources */ = {isa = PBXBuildFile; fileRef = 42EC91361D7823BD00D72960 /* RestaurantTableViewCell.swift */; };
		42F1D3F11D7AA33A0067B569 /* Restaurant1.swift in Sources */ = {isa = PBXBuildFile; fileRef = 42F1D3F01D7AA33A0067B569 /* Restaurant1.swift */; };
		42F1D3F41D7AD1F50067B569 /* RestaurantDetailTableViewController.swift in Sources */ = {isa = PBXBuildFile; fileRef = 42F1D3F31D7AD1F50067B569 /* RestaurantDetailTableViewController.swift */; };
		42F1D3F61D7AD8280067B569 /* RestaurantDetailTableViewCell.swift in Sources */ = {isa = PBXBuildFile; fileRef = 42F1D3F51D7AD8280067B569 /* RestaurantDetailTableViewCell.swift */; };
		42FA9BAE1D869CFE00AF7537 /* Podfile in Resources */ = {isa = PBXBuildFile; fileRef = 42FA9BAD1D869CFE00AF7537 /* Podfile */; };
		42FFFACA1D8447F000FE5919 /* About.storyboard in Resources */ = {isa = PBXBuildFile; fileRef = 42FFFAC91D8447F000FE5919 /* About.storyboard */; };
		42FFFACD1D84485500FE5919 /* Discover.storyboard in Resources */ = {isa = PBXBuildFile; fileRef = 42FFFACB1D84485500FE5919 /* Discover.storyboard */; };
/* End PBXBuildFile section */

/* Begin PBXFileReference section */
		2790A332478A9EF752D5040B /* Pods_FoodPin.framework */ = {isa = PBXFileReference; explicitFileType = wrapper.framework; includeInIndex = 0; path = Pods_FoodPin.framework; sourceTree = BUILT_PRODUCTS_DIR; };
		4246021C1D7EFA7B00BAB2AD /* MapKit.framework */ = {isa = PBXFileReference; lastKnownFileType = wrapper.framework; name = MapKit.framework; path = System/Library/Frameworks/MapKit.framework; sourceTree = SDKROOT; };
		4246021E1D7F0D6C00BAB2AD /* MapViewController.swift */ = {isa = PBXFileReference; fileEncoding = 4; lastKnownFileType = sourcecode.swift; path = MapViewController.swift; sourceTree = "<group>"; };
		424741951D79702F006E30C3 /* RestaurantDetailViewController.swift */ = {isa = PBXFileReference; fileEncoding = 4; lastKnownFileType = sourcecode.swift; path = RestaurantDetailViewController.swift; sourceTree = "<group>"; };
		424774741D7DA0240079C166 /* RestaurantEvaluateViewController.swift */ = {isa = PBXFileReference; fileEncoding = 4; lastKnownFileType = sourcecode.swift; path = RestaurantEvaluateViewController.swift; sourceTree = "<group>"; };
		424924051D82A14000DBA5A1 /* GuiderPageViewController.swift */ = {isa = PBXFileReference; fileEncoding = 4; lastKnownFileType = sourcecode.swift; path = GuiderPageViewController.swift; sourceTree = "<group>"; };
		427519BC1D8643470031F54C /* AboutTableViewController.swift */ = {isa = PBXFileReference; fileEncoding = 4; lastKnownFileType = sourcecode.swift; path = AboutTableViewController.swift; sourceTree = "<group>"; };
		427519BE1D8686360031F54C /* WebViewController.swift */ = {isa = PBXFileReference; fileEncoding = 4; lastKnownFileType = sourcecode.swift; path = WebViewController.swift; sourceTree = "<group>"; };
		427B94C31D829EA60020881F /* GuiderContentViewController.swift */ = {isa = PBXFileReference; fileEncoding = 4; lastKnownFileType = sourcecode.swift; path = GuiderContentViewController.swift; sourceTree = "<group>"; };
		42D8E5DA1D81007700E52DB2 /* AddRestaurantTableViewController.swift */ = {isa = PBXFileReference; fileEncoding = 4; lastKnownFileType = sourcecode.swift; path = AddRestaurantTableViewController.swift; sourceTree = "<group>"; };
		42D8E61A1D81391D00E52DB2 /* FoodPin.xcdatamodel */ = {isa = PBXFileReference; lastKnownFileType = wrapper.xcdatamodel; path = FoodPin.xcdatamodel; sourceTree = "<group>"; };
		42D8E61C1D813BAD00E52DB2 /* Restaurant+CoreDataProperties.swift */ = {isa = PBXFileReference; fileEncoding = 4; lastKnownFileType = sourcecode.swift; path = "Restaurant+CoreDataProperties.swift"; sourceTree = "<group>"; };
		42D8E61D1D813BAD00E52DB2 /* Restaurant.swift */ = {isa = PBXFileReference; fileEncoding = 4; lastKnownFileType = sourcecode.swift; path = Restaurant.swift; sourceTree = "<group>"; };
		42EC911F1D78109800D72960 /* FoodPin.app */ = {isa = PBXFileReference; explicitFileType = wrapper.application; includeInIndex = 0; path = FoodPin.app; sourceTree = BUILT_PRODUCTS_DIR; };
		42EC91221D78109800D72960 /* AppDelegate.swift */ = {isa = PBXFileReference; lastKnownFileType = sourcecode.swift; path = AppDelegate.swift; sourceTree = "<group>"; };
		42EC91271D78109800D72960 /* Base */ = {isa = PBXFileReference; lastKnownFileType = file.storyboard; name = Base; path = Base.lproj/Main.storyboard; sourceTree = "<group>"; };
		42EC91291D78109800D72960 /* Assets.xcassets */ = {isa = PBXFileReference; lastKnownFileType = folder.assetcatalog; path = Assets.xcassets; sourceTree = "<group>"; };
		42EC912C1D78109800D72960 /* Base */ = {isa = PBXFileReference; lastKnownFileType = file.storyboard; name = Base; path = Base.lproj/LaunchScreen.storyboard; sourceTree = "<group>"; };
		42EC912E1D78109800D72960 /* Info.plist */ = {isa = PBXFileReference; lastKnownFileType = text.plist.xml; path = Info.plist; sourceTree = "<group>"; };
		42EC91341D78125300D72960 /* RestaurantTableViewController.swift */ = {isa = PBXFileReference; fileEncoding = 4; lastKnownFileType = sourcecode.swift; path = RestaurantTableViewController.swift; sourceTree = "<group>"; };
		42EC91361D7823BD00D72960 /* RestaurantTableViewCell.swift */ = {isa = PBXFileReference; fileEncoding = 4; lastKnownFileType = sourcecode.swift; path = RestaurantTableViewCell.swift; sourceTree = "<group>"; };
		42F1D3F01D7AA33A0067B569 /* Restaurant1.swift */ = {isa = PBXFileReference; fileEncoding = 4; lastKnownFileType = sourcecode.swift; path = Restaurant1.swift; sourceTree = "<group>"; };
		42F1D3F21D7AA5D20067B569 /* TransformRestaurant.playground */ = {isa = PBXFileReference; lastKnownFileType = file.playground; path = TransformRestaurant.playground; sourceTree = "<group>"; };
		42F1D3F31D7AD1F50067B569 /* RestaurantDetailTableViewController.swift */ = {isa = PBXFileReference; fileEncoding = 4; lastKnownFileType = sourcecode.swift; path = RestaurantDetailTableViewController.swift; sourceTree = "<group>"; };
		42F1D3F51D7AD8280067B569 /* RestaurantDetailTableViewCell.swift */ = {isa = PBXFileReference; fileEncoding = 4; lastKnownFileType = sourcecode.swift; path = RestaurantDetailTableViewCell.swift; sourceTree = "<group>"; };
		42FA9BAD1D869CFE00AF7537 /* Podfile */ = {isa = PBXFileReference; fileEncoding = 4; lastKnownFileType = text; path = Podfile; sourceTree = "<group>"; xcLanguageSpecificationIdentifier = xcode.lang.ruby; };
		42FFFAC91D8447F000FE5919 /* About.storyboard */ = {isa = PBXFileReference; fileEncoding = 4; lastKnownFileType = file.storyboard; path = About.storyboard; sourceTree = "<group>"; };
		42FFFACC1D84485500FE5919 /* Base */ = {isa = PBXFileReference; lastKnownFileType = file.storyboard; name = Base; path = Base.lproj/Discover.storyboard; sourceTree = "<group>"; };
		468A24EB0220C3B2DDFD1BB8 /* Pods-FoodPin.debug.xcconfig */ = {isa = PBXFileReference; includeInIndex = 1; lastKnownFileType = text.xcconfig; name = "Pods-FoodPin.debug.xcconfig"; path = "Pods/Target Support Files/Pods-FoodPin/Pods-FoodPin.debug.xcconfig"; sourceTree = "<group>"; };
		75F55471F2970CF5686E65C1 /* Pods-FoodPin.release.xcconfig */ = {isa = PBXFileReference; includeInIndex = 1; lastKnownFileType = text.xcconfig; name = "Pods-FoodPin.release.xcconfig"; path = "Pods/Target Support Files/Pods-FoodPin/Pods-FoodPin.release.xcconfig"; sourceTree = "<group>"; };
/* End PBXFileReference section */

/* Begin PBXFrameworksBuildPhase section */
		42EC911C1D78109800D72960 /* Frameworks */ = {
			isa = PBXFrameworksBuildPhase;
			buildActionMask = 2147483647;
			files = (
				4246021D1D7EFA7B00BAB2AD /* MapKit.framework in Frameworks */,
				41CECF451DD6C182E88089EB /* Pods_FoodPin.framework in Frameworks */,
			);
			runOnlyForDeploymentPostprocessing = 0;
		};
/* End PBXFrameworksBuildPhase section */

/* Begin PBXGroup section */
		011C4A1D73E8FB62B33ED967 /* Pods */ = {
			isa = PBXGroup;
			children = (
				468A24EB0220C3B2DDFD1BB8 /* Pods-FoodPin.debug.xcconfig */,
				75F55471F2970CF5686E65C1 /* Pods-FoodPin.release.xcconfig */,
			);
			name = Pods;
			sourceTree = "<group>";
		};
		35B2743881F426B29481DC62 /* Frameworks */ = {
			isa = PBXGroup;
			children = (
				2790A332478A9EF752D5040B /* Pods_FoodPin.framework */,
			);
			name = Frameworks;
			sourceTree = "<group>";
		};
		42EC91161D78109800D72960 = {
			isa = PBXGroup;
			children = (
				42FA9BAD1D869CFE00AF7537 /* Podfile */,
				42D8E61C1D813BAD00E52DB2 /* Restaurant+CoreDataProperties.swift */,
				42D8E61D1D813BAD00E52DB2 /* Restaurant.swift */,
				4246021C1D7EFA7B00BAB2AD /* MapKit.framework */,
				42EC91211D78109800D72960 /* FoodPin */,
				42EC91201D78109800D72960 /* Products */,
				011C4A1D73E8FB62B33ED967 /* Pods */,
				35B2743881F426B29481DC62 /* Frameworks */,
			);
			sourceTree = "<group>";
		};
		42EC91201D78109800D72960 /* Products */ = {
			isa = PBXGroup;
			children = (
				42EC911F1D78109800D72960 /* FoodPin.app */,
			);
			name = Products;
			sourceTree = "<group>";
		};
		42EC91211D78109800D72960 /* FoodPin */ = {
			isa = PBXGroup;
			children = (
				42EC91221D78109800D72960 /* AppDelegate.swift */,
				42EC91261D78109800D72960 /* Main.storyboard */,
				42FFFACB1D84485500FE5919 /* Discover.storyboard */,
				42FFFAC91D8447F000FE5919 /* About.storyboard */,
				42EC91291D78109800D72960 /* Assets.xcassets */,
				42EC912B1D78109800D72960 /* LaunchScreen.storyboard */,
				42EC912E1D78109800D72960 /* Info.plist */,
				42EC91341D78125300D72960 /* RestaurantTableViewController.swift */,
				42EC91361D7823BD00D72960 /* RestaurantTableViewCell.swift */,
				424741951D79702F006E30C3 /* RestaurantDetailViewController.swift */,
				42F1D3F01D7AA33A0067B569 /* Restaurant1.swift */,
				42F1D3F21D7AA5D20067B569 /* TransformRestaurant.playground */,
				42F1D3F31D7AD1F50067B569 /* RestaurantDetailTableViewController.swift */,
				42F1D3F51D7AD8280067B569 /* RestaurantDetailTableViewCell.swift */,
				424774741D7DA0240079C166 /* RestaurantEvaluateViewController.swift */,
				4246021E1D7F0D6C00BAB2AD /* MapViewController.swift */,
				42D8E5DA1D81007700E52DB2 /* AddRestaurantTableViewController.swift */,
				42D8E6191D81391D00E52DB2 /* FoodPin.xcdatamodeld */,
				427B94C31D829EA60020881F /* GuiderContentViewController.swift */,
				424924051D82A14000DBA5A1 /* GuiderPageViewController.swift */,
				427519BC1D8643470031F54C /* AboutTableViewController.swift */,
				427519BE1D8686360031F54C /* WebViewController.swift */,
			);
			path = FoodPin;
			sourceTree = "<group>";
		};
/* End PBXGroup section */

/* Begin PBXNativeTarget section */
		42EC911E1D78109800D72960 /* FoodPin */ = {
			isa = PBXNativeTarget;
			buildConfigurationList = 42EC91311D78109800D72960 /* Build configuration list for PBXNativeTarget "FoodPin" */;
			buildPhases = (
				698F18681E31232CE433B9CE /* [CP] Check Pods Manifest.lock */,
				42EC911B1D78109800D72960 /* Sources */,
				42EC911C1D78109800D72960 /* Frameworks */,
				42EC911D1D78109800D72960 /* Resources */,
				0344BC02AD9933F8F3D0201F /* [CP] Embed Pods Frameworks */,
				B620646003E4F424B7F4B0CF /* [CP] Copy Pods Resources */,
			);
			buildRules = (
			);
			dependencies = (
			);
			name = FoodPin;
			productName = FoodPin;
			productReference = 42EC911F1D78109800D72960 /* FoodPin.app */;
			productType = "com.apple.product-type.application";
		};
/* End PBXNativeTarget section */

/* Begin PBXProject section */
		42EC91171D78109800D72960 /* Project object */ = {
			isa = PBXProject;
			attributes = {
				LastSwiftUpdateCheck = 0730;
				LastUpgradeCheck = 0800;
				ORGANIZATIONNAME = Threshold;
				TargetAttributes = {
					42EC911E1D78109800D72960 = {
						CreatedOnToolsVersion = 7.3.1;
						LastSwiftMigration = 0800;
						SystemCapabilities = {
							com.apple.Maps.iOS = {
								enabled = 1;
							};
						};
					};
				};
			};
			buildConfigurationList = 42EC911A1D78109800D72960 /* Build configuration list for PBXProject "FoodPin" */;
			compatibilityVersion = "Xcode 3.2";
			developmentRegion = English;
			hasScannedForEncodings = 0;
			knownRegions = (
				en,
				Base,
			);
			mainGroup = 42EC91161D78109800D72960;
			productRefGroup = 42EC91201D78109800D72960 /* Products */;
			projectDirPath = "";
			projectRoot = "";
			targets = (
				42EC911E1D78109800D72960 /* FoodPin */,
			);
		};
/* End PBXProject section */

/* Begin PBXResourcesBuildPhase section */
		42EC911D1D78109800D72960 /* Resources */ = {
			isa = PBXResourcesBuildPhase;
			buildActionMask = 2147483647;
			files = (
				42FA9BAE1D869CFE00AF7537 /* Podfile in Resources */,
				42EC912D1D78109800D72960 /* LaunchScreen.storyboard in Resources */,
				42EC912A1D78109800D72960 /* Assets.xcassets in Resources */,
				42FFFACD1D84485500FE5919 /* Discover.storyboard in Resources */,
				42FFFACA1D8447F000FE5919 /* About.storyboard in Resources */,
				42EC91281D78109800D72960 /* Main.storyboard in Resources */,
			);
			runOnlyForDeploymentPostprocessing = 0;
		};
/* End PBXResourcesBuildPhase section */

/* Begin PBXShellScriptBuildPhase section */
		0344BC02AD9933F8F3D0201F /* [CP] Embed Pods Frameworks */ = {
			isa = PBXShellScriptBuildPhase;
			buildActionMask = 2147483647;
			files = (
			);
			inputPaths = (
			);
			name = "[CP] Embed Pods Frameworks";
			outputPaths = (
			);
			runOnlyForDeploymentPostprocessing = 0;
			shellPath = /bin/sh;
			shellScript = "\"${SRCROOT}/Pods/Target Support Files/Pods-FoodPin/Pods-FoodPin-frameworks.sh\"\n";
			showEnvVarsInLog = 0;
		};
		698F18681E31232CE433B9CE /* [CP] Check Pods Manifest.lock */ = {
			isa = PBXShellScriptBuildPhase;
			buildActionMask = 2147483647;
			files = (
			);
			inputPaths = (
			);
			name = "[CP] Check Pods Manifest.lock";
			outputPaths = (
			);
			runOnlyForDeploymentPostprocessing = 0;
			shellPath = /bin/sh;
			shellScript = "diff \"${PODS_ROOT}/../Podfile.lock\" \"${PODS_ROOT}/Manifest.lock\" > /dev/null\nif [[ $? != 0 ]] ; then\n    cat << EOM\nerror: The sandbox is not in sync with the Podfile.lock. Run 'pod install' or update your CocoaPods installation.\nEOM\n    exit 1\nfi\n";
			showEnvVarsInLog = 0;
		};
		B620646003E4F424B7F4B0CF /* [CP] Copy Pods Resources */ = {
			isa = PBXShellScriptBuildPhase;
			buildActionMask = 2147483647;
			files = (
			);
			inputPaths = (
			);
			name = "[CP] Copy Pods Resources";
			outputPaths = (
			);
			runOnlyForDeploymentPostprocessing = 0;
			shellPath = /bin/sh;
			shellScript = "\"${SRCROOT}/Pods/Target Support Files/Pods-FoodPin/Pods-FoodPin-resources.sh\"\n";
			showEnvVarsInLog = 0;
		};
/* End PBXShellScriptBuildPhase section */

/* Begin PBXSourcesBuildPhase section */
		42EC911B1D78109800D72960 /* Sources */ = {
			isa = PBXSourcesBuildPhase;
			buildActionMask = 2147483647;
			files = (
				427B94C41D829EA60020881F /* GuiderContentViewController.swift in Sources */,
				42D8E61F1D813BAD00E52DB2 /* Restaurant.swift in Sources */,
				42D8E5DB1D81007700E52DB2 /* AddRestaurantTableViewController.swift in Sources */,
				42D8E61B1D81391D00E52DB2 /* FoodPin.xcdatamodeld in Sources */,
				424774751D7DA0240079C166 /* RestaurantEvaluateViewController.swift in Sources */,
				42F1D3F11D7AA33A0067B569 /* Restaurant1.swift in Sources */,
				42EC91351D78125300D72960 /* RestaurantTableViewController.swift in Sources */,
				42EC91371D7823BD00D72960 /* RestaurantTableViewCell.swift in Sources */,
				42D8E61E1D813BAD00E52DB2 /* Restaurant+CoreDataProperties.swift in Sources */,
				4246021F1D7F0D6C00BAB2AD /* MapViewController.swift in Sources */,
				424924061D82A14000DBA5A1 /* GuiderPageViewController.swift in Sources */,
				427519BD1D8643470031F54C /* AboutTableViewController.swift in Sources */,
				427519BF1D8686360031F54C /* WebViewController.swift in Sources */,
				424741961D79702F006E30C3 /* RestaurantDetailViewController.swift in Sources */,
				42EC91231D78109800D72960 /* AppDelegate.swift in Sources */,
				42F1D3F41D7AD1F50067B569 /* RestaurantDetailTableViewController.swift in Sources */,
				42F1D3F61D7AD8280067B569 /* RestaurantDetailTableViewCell.swift in Sources */,
			);
			runOnlyForDeploymentPostprocessing = 0;
		};
/* End PBXSourcesBuildPhase section */

/* Begin PBXVariantGroup section */
		42EC91261D78109800D72960 /* Main.storyboard */ = {
			isa = PBXVariantGroup;
			children = (
				42EC91271D78109800D72960 /* Base */,
			);
			name = Main.storyboard;
			sourceTree = "<group>";
		};
		42EC912B1D78109800D72960 /* LaunchScreen.storyboard */ = {
			isa = PBXVariantGroup;
			children = (
				42EC912C1D78109800D72960 /* Base */,
			);
			name = LaunchScreen.storyboard;
			sourceTree = "<group>";
		};
		42FFFACB1D84485500FE5919 /* Discover.storyboard */ = {
			isa = PBXVariantGroup;
			children = (
				42FFFACC1D84485500FE5919 /* Base */,
			);
			name = Discover.storyboard;
			sourceTree = "<group>";
		};
/* End PBXVariantGroup section */

/* Begin XCBuildConfiguration section */
		42EC912F1D78109800D72960 /* Debug */ = {
			isa = XCBuildConfiguration;
			buildSettings = {
				ALWAYS_SEARCH_USER_PATHS = NO;
				CLANG_ANALYZER_NONNULL = YES;
				CLANG_CXX_LANGUAGE_STANDARD = "gnu++0x";
				CLANG_CXX_LIBRARY = "libc++";
				CLANG_ENABLE_MODULES = YES;
				CLANG_ENABLE_OBJC_ARC = YES;
				CLANG_WARN_BOOL_CONVERSION = YES;
				CLANG_WARN_CONSTANT_CONVERSION = YES;
				CLANG_WARN_DIRECT_OBJC_ISA_USAGE = YES_ERROR;
				CLANG_WARN_EMPTY_BODY = YES;
				CLANG_WARN_ENUM_CONVERSION = YES;
				CLANG_WARN_INFINITE_RECURSION = YES;
				CLANG_WARN_INT_CONVERSION = YES;
				CLANG_WARN_OBJC_ROOT_CLASS = YES_ERROR;
				CLANG_WARN_SUSPICIOUS_MOVE = YES;
				CLANG_WARN_UNREACHABLE_CODE = YES;
				CLANG_WARN__DUPLICATE_METHOD_MATCH = YES;
				"CODE_SIGN_IDENTITY[sdk=iphoneos*]" = "iPhone Developer";
				COPY_PHASE_STRIP = NO;
				DEBUG_INFORMATION_FORMAT = dwarf;
				ENABLE_STRICT_OBJC_MSGSEND = YES;
				ENABLE_TESTABILITY = YES;
				GCC_C_LANGUAGE_STANDARD = gnu99;
				GCC_DYNAMIC_NO_PIC = NO;
				GCC_NO_COMMON_BLOCKS = YES;
				GCC_OPTIMIZATION_LEVEL = 0;
				GCC_PREPROCESSOR_DEFINITIONS = (
					"DEBUG=1",
					"$(inherited)",
				);
				GCC_WARN_64_TO_32_BIT_CONVERSION = YES;
				GCC_WARN_ABOUT_RETURN_TYPE = YES_ERROR;
				GCC_WARN_UNDECLARED_SELECTOR = YES;
				GCC_WARN_UNINITIALIZED_AUTOS = YES_AGGRESSIVE;
				GCC_WARN_UNUSED_FUNCTION = YES;
				GCC_WARN_UNUSED_VARIABLE = YES;
				IPHONEOS_DEPLOYMENT_TARGET = 9.3;
				MTL_ENABLE_DEBUG_INFO = YES;
				ONLY_ACTIVE_ARCH = YES;
				SDKROOT = iphoneos;
				SWIFT_OPTIMIZATION_LEVEL = "-Onone";
				TARGETED_DEVICE_FAMILY = "1,2";
			};
			name = Debug;
		};
		42EC91301D78109800D72960 /* Release */ = {
			isa = XCBuildConfiguration;
			buildSettings = {
				ALWAYS_SEARCH_USER_PATHS = NO;
				CLANG_ANALYZER_NONNULL = YES;
				CLANG_CXX_LANGUAGE_STANDARD = "gnu++0x";
				CLANG_CXX_LIBRARY = "libc++";
				CLANG_ENABLE_MODULES = YES;
				CLANG_ENABLE_OBJC_ARC = YES;
				CLANG_WARN_BOOL_CONVERSION = YES;
				CLANG_WARN_CONSTANT_CONVERSION = YES;
				CLANG_WARN_DIRECT_OBJC_ISA_USAGE = YES_ERROR;
				CLANG_WARN_EMPTY_BODY = YES;
				CLANG_WARN_ENUM_CONVERSION = YES;
				CLANG_WARN_INFINITE_RECURSION = YES;
				CLANG_WARN_INT_CONVERSION = YES;
				CLANG_WARN_OBJC_ROOT_CLASS = YES_ERROR;
				CLANG_WARN_SUSPICIOUS_MOVE = YES;
				CLANG_WARN_UNREACHABLE_CODE = YES;
				CLANG_WARN__DUPLICATE_METHOD_MATCH = YES;
				"CODE_SIGN_IDENTITY[sdk=iphoneos*]" = "iPhone Developer";
				COPY_PHASE_STRIP = NO;
				DEBUG_INFORMATION_FORMAT = "dwarf-with-dsym";
				ENABLE_NS_ASSERTIONS = NO;
				ENABLE_STRICT_OBJC_MSGSEND = YES;
				GCC_C_LANGUAGE_STANDARD = gnu99;
				GCC_NO_COMMON_BLOCKS = YES;
				GCC_WARN_64_TO_32_BIT_CONVERSION = YES;
				GCC_WARN_ABOUT_RETURN_TYPE = YES_ERROR;
				GCC_WARN_UNDECLARED_SELECTOR = YES;
				GCC_WARN_UNINITIALIZED_AUTOS = YES_AGGRESSIVE;
				GCC_WARN_UNUSED_FUNCTION = YES;
				GCC_WARN_UNUSED_VARIABLE = YES;
				IPHONEOS_DEPLOYMENT_TARGET = 9.3;
				MTL_ENABLE_DEBUG_INFO = NO;
				SDKROOT = iphoneos;
				SWIFT_OPTIMIZATION_LEVEL = "-Owholemodule";
				TARGETED_DEVICE_FAMILY = "1,2";
				VALIDATE_PRODUCT = YES;
			};
			name = Release;
		};
		42EC91321D78109800D72960 /* Debug */ = {
			isa = XCBuildConfiguration;
			baseConfigurationReference = 468A24EB0220C3B2DDFD1BB8 /* Pods-FoodPin.debug.xcconfig */;
			buildSettings = {
				ALWAYS_EMBED_SWIFT_STANDARD_LIBRARIES = YES;
				ASSETCATALOG_COMPILER_APPICON_NAME = AppIcon;
				INFOPLIST_FILE = FoodPin/Info.plist;
				LD_RUNPATH_SEARCH_PATHS = "$(inherited) @executable_path/Frameworks";
				PRODUCT_BUNDLE_IDENTIFIER = com.threshold.FoodPin;
				PRODUCT_NAME = "$(TARGET_NAME)";
				SWIFT_VERSION = 3.0;
			};
			name = Debug;
		};
		42EC91331D78109800D72960 /* Release */ = {
			isa = XCBuildConfiguration;
			baseConfigurationReference = 75F55471F2970CF5686E65C1 /* Pods-FoodPin.release.xcconfig */;
			buildSettings = {
				ALWAYS_EMBED_SWIFT_STANDARD_LIBRARIES = YES;
				ASSETCATALOG_COMPILER_APPICON_NAME = AppIcon;
				INFOPLIST_FILE = FoodPin/Info.plist;
				LD_RUNPATH_SEARCH_PATHS = "$(inherited) @executable_path/Frameworks";
				PRODUCT_BUNDLE_IDENTIFIER = com.threshold.FoodPin;
				PRODUCT_NAME = "$(TARGET_NAME)";
				SWIFT_VERSION = 3.0;
			};
			name = Release;
		};
/* End XCBuildConfiguration section */

/* Begin XCConfigurationList section */
		42EC911A1D78109800D72960 /* Build configuration list for PBXProject "FoodPin" */ = {
			isa = XCConfigurationList;
			buildConfigurations = (
				42EC912F1D78109800D72960 /* Debug */,
				42EC91301D78109800D72960 /* Release */,
			);
			defaultConfigurationIsVisible = 0;
			defaultConfigurationName = Release;
		};
		42EC91311D78109800D72960 /* Build configuration list for PBXNativeTarget "FoodPin" */ = {
			isa = XCConfigurationList;
			buildConfigurations = (
				42EC91321D78109800D72960 /* Debug */,
				42EC91331D78109800D72960 /* Release */,
			);
			defaultConfigurationIsVisible = 0;
			defaultConfigurationName = Release;
		};
/* End XCConfigurationList section */

/* Begin XCVersionGroup section */
		42D8E6191D81391D00E52DB2 /* FoodPin.xcdatamodeld */ = {
			isa = XCVersionGroup;
			children = (
				42D8E61A1D81391D00E52DB2 /* FoodPin.xcdatamodel */,
			);
			currentVersion = 42D8E61A1D81391D00E52DB2 /* FoodPin.xcdatamodel */;
			path = FoodPin.xcdatamodeld;
			sourceTree = "<group>";
			versionGroupType = wrapper.xcdatamodel;
		};
/* End XCVersionGroup section */
	};
	rootObject = 42EC91171D78109800D72960 /* Project object */;
}
