// !$*UTF8*$!
{
	archiveVersion = 1;
	classes = {
	};
	objectVersion = 46;
	objects = {

/* Begin PBXBuildFile section */
		424741961D79702F006E30C3 /* RestaurantDetailViewController.swift in Sources */ = {isa = PBXBuildFile; fileRef = 424741951D79702F006E30C3 /* RestaurantDetailViewController.swift */; };
		42EC91231D78109800D72960 /* AppDelegate.swift in Sources */ = {isa = PBXBuildFile; fileRef = 42EC91221D78109800D72960 /* AppDelegate.swift */; };
		42EC91281D78109800D72960 /* Main.storyboard in Resources */ = {isa = PBXBuildFile; fileRef = 42EC91261D78109800D72960 /* Main.storyboard */; };
		42EC912A1D78109800D72960 /* Assets.xcassets in Resources */ = {isa = PBXBuildFile; fileRef = 42EC91291D78109800D72960 /* Assets.xcassets */; };
		42EC912D1D78109800D72960 /* LaunchScreen.storyboard in Resources */ = {isa = PBXBuildFile; fileRef = 42EC912B1D78109800D72960 /* LaunchScreen.storyboard */; };
		42EC91351D78125300D72960 /* RestaurantTableViewController.swift in Sources */ = {isa = PBXBuildFile; fileRef = 42EC91341D78125300D72960 /* RestaurantTableViewController.swift */; };
		42EC91371D7823BD00D72960 /* RestaurantTableViewCell.swift in Sources */ = {isa = PBXBuildFile; fileRef = 42EC91361D7823BD00D72960 /* RestaurantTableViewCell.swift */; };
/* End PBXBuildFile section */

/* Begin PBXFileReference section */
		424741951D79702F006E30C3 /* RestaurantDetailViewController.swift */ = {isa = PBXFileReference; fileEncoding = 4; lastKnownFileType = sourcecode.swift; path = RestaurantDetailViewController.swift; sourceTree = "<group>"; };
		42EC911F1D78109800D72960 /* FoodPin.app */ = {isa = PBXFileReference; explicitFileType = wrapper.application; includeInIndex = 0; path = FoodPin.app; sourceTree = BUILT_PRODUCTS_DIR; };
		42EC91221D78109800D72960 /* AppDelegate.swift */ = {isa = PBXFileReference; lastKnownFileType = sourcecode.swift; path = AppDelegate.swift; sourceTree = "<group>"; };
		42EC91271D78109800D72960 /* Base */ = {isa = PBXFileReference; lastKnownFileType = file.storyboard; name = Base; path = Base.lproj/Main.storyboard; sourceTree = "<group>"; };
		42EC91291D78109800D72960 /* Assets.xcassets */ = {isa = PBXFileReference; lastKnownFileType = folder.assetcatalog; path = Assets.xcassets; sourceTree = "<group>"; };
		42EC912C1D78109800D72960 /* Base */ = {isa = PBXFileReference; lastKnownFileType = file.storyboard; name = Base; path = Base.lproj/LaunchScreen.storyboard; sourceTree = "<group>"; };
		42EC912E1D78109800D72960 /* Info.plist */ = {isa = PBXFileReference; lastKnownFileType = text.plist.xml; path = Info.plist; sourceTree = "<group>"; };
		42EC91341D78125300D72960 /* RestaurantTableViewController.swift */ = {isa = PBXFileReference; fileEncoding = 4; lastKnownFileType = sourcecode.swift; path = RestaurantTableViewController.swift; sourceTree = "<group>"; };
		42EC91361D7823BD00D72960 /* RestaurantTableViewCell.swift */ = {isa = PBXFileReference; fileEncoding = 4; lastKnownFileType = sourcecode.swift; path = RestaurantTableViewCell.swift; sourceTree = "<group>"; };
/* End PBXFileReference section */

/* Begin PBXFrameworksBuildPhase section */
		42EC911C1D78109800D72960 /* Frameworks */ = {
			isa = PBXFrameworksBuildPhase;
			buildActionMask = 2147483647;
			files = (
			);
			runOnlyForDeploymentPostprocessing = 0;
		};
/* End PBXFrameworksBuildPhase section */

/* Begin PBXGroup section */
		42EC91161D78109800D72960 = {
			isa = PBXGroup;
			children = (
				42EC91211D78109800D72960 /* FoodPin */,
				42EC91201D78109800D72960 /* Products */,
			);
			sourceTree = "<group>";
		};
		42EC91201D78109800D72960 /* Products */ = {
			isa = PBXGroup;
			children = (
				42EC911F1D78109800D72960 /* FoodPin.app */,
			);
			name = Products;
			sourceTree = "<group>";
		};
		42EC91211D78109800D72960 /* FoodPin */ = {
			isa = PBXGroup;
			children = (
				42EC91221D78109800D72960 /* AppDelegate.swift */,
				42EC91261D78109800D72960 /* Main.storyboard */,
				42EC91291D78109800D72960 /* Assets.xcassets */,
				42EC912B1D78109800D72960 /* LaunchScreen.storyboard */,
				42EC912E1D78109800D72960 /* Info.plist */,
				42EC91341D78125300D72960 /* RestaurantTableViewController.swift */,
				42EC91361D7823BD00D72960 /* RestaurantTableViewCell.swift */,
				424741951D79702F006E30C3 /* RestaurantDetailViewController.swift */,
			);
			path = FoodPin;
			sourceTree = "<group>";
		};
/* End PBXGroup section */

/* Begin PBXNativeTarget section */
		42EC911E1D78109800D72960 /* FoodPin */ = {
			isa = PBXNativeTarget;
			buildConfigurationList = 42EC91311D78109800D72960 /* Build configuration list for PBXNativeTarget "FoodPin" */;
			buildPhases = (
				42EC911B1D78109800D72960 /* Sources */,
				42EC911C1D78109800D72960 /* Frameworks */,
				42EC911D1D78109800D72960 /* Resources */,
			);
			buildRules = (
			);
			dependencies = (
			);
			name = FoodPin;
			productName = FoodPin;
			productReference = 42EC911F1D78109800D72960 /* FoodPin.app */;
			productType = "com.apple.product-type.application";
		};
/* End PBXNativeTarget section */

/* Begin PBXProject section */
		42EC91171D78109800D72960 /* Project object */ = {
			isa = PBXProject;
			attributes = {
				LastSwiftUpdateCheck = 0730;
				LastUpgradeCheck = 0730;
				ORGANIZATIONNAME = Threshold;
				TargetAttributes = {
					42EC911E1D78109800D72960 = {
						CreatedOnToolsVersion = 7.3.1;
					};
				};
			};
			buildConfigurationList = 42EC911A1D78109800D72960 /* Build configuration list for PBXProject "FoodPin" */;
			compatibilityVersion = "Xcode 3.2";
			developmentRegion = English;
			hasScannedForEncodings = 0;
			knownRegions = (
				en,
				Base,
			);
			mainGroup = 42EC91161D78109800D72960;
			productRefGroup = 42EC91201D78109800D72960 /* Products */;
			projectDirPath = "";
			projectRoot = "";
			targets = (
				42EC911E1D78109800D72960 /* FoodPin */,
			);
		};
/* End PBXProject section */

/* Begin PBXResourcesBuildPhase section */
		42EC911D1D78109800D72960 /* Resources */ = {
			isa = PBXResourcesBuildPhase;
			buildActionMask = 2147483647;
			files = (
				42EC912D1D78109800D72960 /* LaunchScreen.storyboard in Resources */,
				42EC912A1D78109800D72960 /* Assets.xcassets in Resources */,
				42EC91281D78109800D72960 /* Main.storyboard in Resources */,
			);
			runOnlyForDeploymentPostprocessing = 0;
		};
/* End PBXResourcesBuildPhase section */

/* Begin PBXSourcesBuildPhase section */
		42EC911B1D78109800D72960 /* Sources */ = {
			isa = PBXSourcesBuildPhase;
			buildActionMask = 2147483647;
			files = (
				42EC91351D78125300D72960 /* RestaurantTableViewController.swift in Sources */,
				42EC91371D7823BD00D72960 /* RestaurantTableViewCell.swift in Sources */,
				424741961D79702F006E30C3 /* RestaurantDetailViewController.swift in Sources */,
				42EC91231D78109800D72960 /* AppDelegate.swift in Sources */,
			);
			runOnlyForDeploymentPostprocessing = 0;
		};
/* End PBXSourcesBuildPhase section */

/* Begin PBXVariantGroup section */
		42EC91261D78109800D72960 /* Main.storyboard */ = {
			isa = PBXVariantGroup;
			children = (
				42EC91271D78109800D72960 /* Base */,
			);
			name = Main.storyboard;
			sourceTree = "<group>";
		};
		42EC912B1D78109800D72960 /* LaunchScreen.storyboard */ = {
			isa = PBXVariantGroup;
			children = (
				42EC912C1D78109800D72960 /* Base */,
			);
			name = LaunchScreen.storyboard;
			sourceTree = "<group>";
		};
/* End PBXVariantGroup section */

/* Begin XCBuildConfiguration section */
		42EC912F1D78109800D72960 /* Debug */ = {
			isa = XCBuildConfiguration;
			buildSettings = {
				ALWAYS_SEARCH_USER_PATHS = NO;
				CLANG_ANALYZER_NONNULL = YES;
				CLANG_CXX_LANGUAGE_STANDARD = "gnu++0x";
				CLANG_CXX_LIBRARY = "libc++";
				CLANG_ENABLE_MODULES = YES;
				CLANG_ENABLE_OBJC_ARC = YES;
				CLANG_WARN_BOOL_CONVERSION = YES;
				CLANG_WARN_CONSTANT_CONVERSION = YES;
				CLANG_WARN_DIRECT_OBJC_ISA_USAGE = YES_ERROR;
				CLANG_WARN_EMPTY_BODY = YES;
				CLANG_WARN_ENUM_CONVERSION = YES;
				CLANG_WARN_INT_CONVERSION = YES;
				CLANG_WARN_OBJC_ROOT_CLASS = YES_ERROR;
				CLANG_WARN_UNREACHABLE_CODE = YES;
				CLANG_WARN__DUPLICATE_METHOD_MATCH = YES;
				"CODE_SIGN_IDENTITY[sdk=iphoneos*]" = "iPhone Developer";
				COPY_PHASE_STRIP = NO;
				DEBUG_INFORMATION_FORMAT = dwarf;
				ENABLE_STRICT_OBJC_MSGSEND = YES;
				ENABLE_TESTABILITY = YES;
				GCC_C_LANGUAGE_STANDARD = gnu99;
				GCC_DYNAMIC_NO_PIC = NO;
				GCC_NO_COMMON_BLOCKS = YES;
				GCC_OPTIMIZATION_LEVEL = 0;
				GCC_PREPROCESSOR_DEFINITIONS = (
					"DEBUG=1",
					"$(inherited)",
				);
				GCC_WARN_64_TO_32_BIT_CONVERSION = YES;
				GCC_WARN_ABOUT_RETURN_TYPE = YES_ERROR;
				GCC_WARN_UNDECLARED_SELECTOR = YES;
				GCC_WARN_UNINITIALIZED_AUTOS = YES_AGGRESSIVE;
				GCC_WARN_UNUSED_FUNCTION = YES;
				GCC_WARN_UNUSED_VARIABLE = YES;
				IPHONEOS_DEPLOYMENT_TARGET = 9.3;
				MTL_ENABLE_DEBUG_INFO = YES;
				ONLY_ACTIVE_ARCH = YES;
				SDKROOT = iphoneos;
				SWIFT_OPTIMIZATION_LEVEL = "-Onone";
				TARGETED_DEVICE_FAMILY = "1,2";
			};
			name = Debug;
		};
		42EC91301D78109800D72960 /* Release */ = {
			isa = XCBuildConfiguration;
			buildSettings = {
				ALWAYS_SEARCH_USER_PATHS = NO;
				CLANG_ANALYZER_NONNULL = YES;
				CLANG_CXX_LANGUAGE_STANDARD = "gnu++0x";
				CLANG_CXX_LIBRARY = "libc++";
				CLANG_ENABLE_MODULES = YES;
				CLANG_ENABLE_OBJC_ARC = YES;
				CLANG_WARN_BOOL_CONVERSION = YES;
				CLANG_WARN_CONSTANT_CONVERSION = YES;
				CLANG_WARN_DIRECT_OBJC_ISA_USAGE = YES_ERROR;
				CLANG_WARN_EMPTY_BODY = YES;
				CLANG_WARN_ENUM_CONVERSION = YES;
				CLANG_WARN_INT_CONVERSION = YES;
				CLANG_WARN_OBJC_ROOT_CLASS = YES_ERROR;
				CLANG_WARN_UNREACHABLE_CODE = YES;
				CLANG_WARN__DUPLICATE_METHOD_MATCH = YES;
				"CODE_SIGN_IDENTITY[sdk=iphoneos*]" = "iPhone Developer";
				COPY_PHASE_STRIP = NO;
				DEBUG_INFORMATION_FORMAT = "dwarf-with-dsym";
				ENABLE_NS_ASSERTIONS = NO;
				ENABLE_STRICT_OBJC_MSGSEND = YES;
				GCC_C_LANGUAGE_STANDARD = gnu99;
				GCC_NO_COMMON_BLOCKS = YES;
				GCC_WARN_64_TO_32_BIT_CONVERSION = YES;
				GCC_WARN_ABOUT_RETURN_TYPE = YES_ERROR;
				GCC_WARN_UNDECLARED_SELECTOR = YES;
				GCC_WARN_UNINITIALIZED_AUTOS = YES_AGGRESSIVE;
				GCC_WARN_UNUSED_FUNCTION = YES;
				GCC_WARN_UNUSED_VARIABLE = YES;
				IPHONEOS_DEPLOYMENT_TARGET = 9.3;
				MTL_ENABLE_DEBUG_INFO = NO;
				SDKROOT = iphoneos;
				TARGETED_DEVICE_FAMILY = "1,2";
				VALIDATE_PRODUCT = YES;
			};
			name = Release;
		};
		42EC91321D78109800D72960 /* Debug */ = {
			isa = XCBuildConfiguration;
			buildSettings = {
				ASSETCATALOG_COMPILER_APPICON_NAME = AppIcon;
				INFOPLIST_FILE = FoodPin/Info.plist;
				LD_RUNPATH_SEARCH_PATHS = "$(inherited) @executable_path/Frameworks";
				PRODUCT_BUNDLE_IDENTIFIER = com.threshold.FoodPin;
				PRODUCT_NAME = "$(TARGET_NAME)";
			};
			name = Debug;
		};
		42EC91331D78109800D72960 /* Release */ = {
			isa = XCBuildConfiguration;
			buildSettings = {
				ASSETCATALOG_COMPILER_APPICON_NAME = AppIcon;
				INFOPLIST_FILE = FoodPin/Info.plist;
				LD_RUNPATH_SEARCH_PATHS = "$(inherited) @executable_path/Frameworks";
				PRODUCT_BUNDLE_IDENTIFIER = com.threshold.FoodPin;
				PRODUCT_NAME = "$(TARGET_NAME)";
			};
			name = Release;
		};
/* End XCBuildConfiguration section */

/* Begin XCConfigurationList section */
		42EC911A1D78109800D72960 /* Build configuration list for PBXProject "FoodPin" */ = {
			isa = XCConfigurationList;
			buildConfigurations = (
				42EC912F1D78109800D72960 /* Debug */,
				42EC91301D78109800D72960 /* Release */,
			);
			defaultConfigurationIsVisible = 0;
			defaultConfigurationName = Release;
		};
		42EC91311D78109800D72960 /* Build configuration list for PBXNativeTarget "FoodPin" */ = {
			isa = XCConfigurationList;
			buildConfigurations = (
				42EC91321D78109800D72960 /* Debug */,
				42EC91331D78109800D72960 /* Release */,
			);
			defaultConfigurationIsVisible = 0;
			defaultConfigurationName = Release;
		};
/* End XCConfigurationList section */
	};
	rootObject = 42EC91171D78109800D72960 /* Project object */;
}
